
Microsoft Visual Studio Solution File, Format Version 12.00
# Visual Studio Version 17
VisualStudioVersion = 17.9.34407.89
MinimumVisualStudioVersion = 10.0.40219.1
Project("{9A19103F-16F7-4668-BE54-9A1E7A4F7556}") = "WebApi", "WebApi\WebApi.csproj", "{86867470-C6FC-4BF6-96E2-4FC4347FB871}"
EndProject
Project("{9A19103F-16F7-4668-BE54-9A1E7A4F7556}") = "EntityLayer", "EntityLayer\EntityLayer.csproj", "{6FDBA6FF-7093-4417-B790-3F057633E094}"
EndProject
Project("{9A19103F-16F7-4668-BE54-9A1E7A4F7556}") = "DataAccessLayer", "DataAccessLayer\DataAccessLayer.csproj", "{EF0F7CB1-AB2B-47DA-94CE-C03FD48B5426}"
EndProject
Project("{9A19103F-16F7-4668-BE54-9A1E7A4F7556}") = "BusinessLayer", "BusinessLayer\BusinessLayer.csproj", "{0005FEF9-4FFC-465A-8198-FD6BB614AED9}"
EndProject
Project("{9A19103F-16F7-4668-BE54-9A1E7A4F7556}") = "PresentationLayer", "PresentationLayer\PresentationLayer.csproj", "{2740B951-FFE5-45E9-815E-7275A94322F8}"
EndProject
Project("{9A19103F-16F7-4668-BE54-9A1E7A4F7556}") = "DtoLayer", "DtoLayer\DtoLayer.csproj", "{6A1C7229-4602-465D-8BD9-71038C6D76C6}"
EndProject
Project("{2150E333-8FDC-42A3-9474-1A3956D46DE8}") = "RapiApi", "RapiApi", "{2E78E322-26E7-4A4C-B086-16222FEEBB09}"
EndProject
Project("{FAE04EC0-301F-11D3-BF4B-00C04F79EFBC}") = "RapidApi.Consume", "RapidApi.Consume\RapidApi.Consume.csproj", "{4A19E3FA-A934-4BB4-8C76-33F694C483E6}"
EndProject
Project("{2150E333-8FDC-42A3-9474-1A3956D46DE8}") = "JsonWebToken", "JsonWebToken", "{1B51C41A-A1E2-4A8B-8BF8-DDFF84B5D98D}"
EndProject
Project("{FAE04EC0-301F-11D3-BF4B-00C04F79EFBC}") = "JsonWebToken.WebApi", "JsonWebToken\JsonWebToken.WebApi\JsonWebToken.WebApi.csproj", "{0E543660-478F-4C79-9A38-397AF406CD43}"
EndProject
Global
	GlobalSection(SolutionConfigurationPlatforms) = preSolution
		Debug|Any CPU = Debug|Any CPU
		Release|Any CPU = Release|Any CPU
	EndGlobalSection
	GlobalSection(ProjectConfigurationPlatforms) = postSolution
		{86867470-C6FC-4BF6-96E2-4FC4347FB871}.Debug|Any CPU.ActiveCfg = Debug|Any CPU
		{86867470-C6FC-4BF6-96E2-4FC4347FB871}.Debug|Any CPU.Build.0 = Debug|Any CPU
		{86867470-C6FC-4BF6-96E2-4FC4347FB871}.Release|Any CPU.ActiveCfg = Release|Any CPU
		{86867470-C6FC-4BF6-96E2-4FC4347FB871}.Release|Any CPU.Build.0 = Release|Any CPU
		{6FDBA6FF-7093-4417-B790-3F057633E094}.Debug|Any CPU.ActiveCfg = Debug|Any CPU
		{6FDBA6FF-7093-4417-B790-3F057633E094}.Debug|Any CPU.Build.0 = Debug|Any CPU
		{6FDBA6FF-7093-4417-B790-3F057633E094}.Release|Any CPU.ActiveCfg = Release|Any CPU
		{6FDBA6FF-7093-4417-B790-3F057633E094}.Release|Any CPU.Build.0 = Release|Any CPU
		{EF0F7CB1-AB2B-47DA-94CE-C03FD48B5426}.Debug|Any CPU.ActiveCfg = Debug|Any CPU
		{EF0F7CB1-AB2B-47DA-94CE-C03FD48B5426}.Debug|Any CPU.Build.0 = Debug|Any CPU
		{EF0F7CB1-AB2B-47DA-94CE-C03FD48B5426}.Release|Any CPU.ActiveCfg = Release|Any CPU
		{EF0F7CB1-AB2B-47DA-94CE-C03FD48B5426}.Release|Any CPU.Build.0 = Release|Any CPU
		{0005FEF9-4FFC-465A-8198-FD6BB614AED9}.Debug|Any CPU.ActiveCfg = Debug|Any CPU
		{0005FEF9-4FFC-465A-8198-FD6BB614AED9}.Debug|Any CPU.Build.0 = Debug|Any CPU
		{0005FEF9-4FFC-465A-8198-FD6BB614AED9}.Release|Any CPU.ActiveCfg = Release|Any CPU
		{0005FEF9-4FFC-465A-8198-FD6BB614AED9}.Release|Any CPU.Build.0 = Release|Any CPU
		{2740B951-FFE5-45E9-815E-7275A94322F8}.Debug|Any CPU.ActiveCfg = Debug|Any CPU
		{2740B951-FFE5-45E9-815E-7275A94322F8}.Debug|Any CPU.Build.0 = Debug|Any CPU
		{2740B951-FFE5-45E9-815E-7275A94322F8}.Release|Any CPU.ActiveCfg = Release|Any CPU
		{2740B951-FFE5-45E9-815E-7275A94322F8}.Release|Any CPU.Build.0 = Release|Any CPU
		{6A1C7229-4602-465D-8BD9-71038C6D76C6}.Debug|Any CPU.ActiveCfg = Debug|Any CPU
		{6A1C7229-4602-465D-8BD9-71038C6D76C6}.Debug|Any CPU.Build.0 = Debug|Any CPU
		{6A1C7229-4602-465D-8BD9-71038C6D76C6}.Release|Any CPU.ActiveCfg = Release|Any CPU
		{6A1C7229-4602-465D-8BD9-71038C6D76C6}.Release|Any CPU.Build.0 = Release|Any CPU
		{4A19E3FA-A934-4BB4-8C76-33F694C483E6}.Debug|Any CPU.ActiveCfg = Debug|Any CPU
		{4A19E3FA-A934-4BB4-8C76-33F694C483E6}.Debug|Any CPU.Build.0 = Debug|Any CPU
		{4A19E3FA-A934-4BB4-8C76-33F694C483E6}.Release|Any CPU.ActiveCfg = Release|Any CPU
		{4A19E3FA-A934-4BB4-8C76-33F694C483E6}.Release|Any CPU.Build.0 = Release|Any CPU
		{0E543660-478F-4C79-9A38-397AF406CD43}.Debug|Any CPU.ActiveCfg = Debug|Any CPU
		{0E543660-478F-4C79-9A38-397AF406CD43}.Debug|Any CPU.Build.0 = Debug|Any CPU
		{0E543660-478F-4C79-9A38-397AF406CD43}.Release|Any CPU.ActiveCfg = Release|Any CPU
		{0E543660-478F-4C79-9A38-397AF406CD43}.Release|Any CPU.Build.0 = Release|Any CPU
	EndGlobalSection
	GlobalSection(SolutionProperties) = preSolution
		HideSolutionNode = FALSE
	EndGlobalSection
	GlobalSection(NestedProjects) = preSolution
		{4A19E3FA-A934-4BB4-8C76-33F694C483E6} = {2E78E322-26E7-4A4C-B086-16222FEEBB09}
		{0E543660-478F-4C79-9A38-397AF406CD43} = {1B51C41A-A1E2-4A8B-8BF8-DDFF84B5D98D}
	EndGlobalSection
	GlobalSection(ExtensibilityGlobals) = postSolution
		SolutionGuid = {FB667541-2B28-4447-91C6-21DE456652B2}
	EndGlobalSection
EndGlobal
